
Microsoft Visual Studio Solution File, Format Version 12.00
# Visual Studio Version 16
VisualStudioVersion = 16.0.30804.86
MinimumVisualStudioVersion = 10.0.40219.1
Project("{2150E333-8FDC-42A3-9474-1A3956D46DE8}") = "UserService", "UserService", "{09077165-1DE9-4A20-8F16-94AA910A90F4}"
EndProject
Project("{9A19103F-16F7-4668-BE54-9A1E7A4F7556}") = "UserAPI", "UserAPI\UserAPI.csproj", "{CE519359-9D4E-42D8-BFFC-2859C6B022C1}"
EndProject
Project("{FAE04EC0-301F-11D3-BF4B-00C04F79EFBC}") = "UserEntities", "UserEntities\UserEntities.csproj", "{E15A3433-EC48-4E53-AF16-885AA081B3A1}"
EndProject
Project("{2150E333-8FDC-42A3-9474-1A3956D46DE8}") = "BookingService", "BookingService", "{8306960F-8810-4E18-AE41-2DDD48031B03}"
EndProject
Project("{FAE04EC0-301F-11D3-BF4B-00C04F79EFBC}") = "BookingAPI", "BookingAPI\BookingAPI.csproj", "{F1215103-C167-498C-B727-AEA645B6C9A9}"
EndProject
Project("{FAE04EC0-301F-11D3-BF4B-00C04F79EFBC}") = "BookingEntities", "BookingEntities\BookingEntities.csproj", "{C151D67B-57E6-4B67-8874-7CC2D1345C89}"
EndProject
Project("{2150E333-8FDC-42A3-9474-1A3956D46DE8}") = "PaymentService", "PaymentService", "{45BC5C74-D0A3-407D-8B01-47A4F9F7A7AF}"
EndProject
Project("{FAE04EC0-301F-11D3-BF4B-00C04F79EFBC}") = "PaymentAPI", "PaymentAPI\PaymentAPI.csproj", "{967464F1-2C3F-4DAB-830A-C01A03ED7125}"
EndProject
Project("{FAE04EC0-301F-11D3-BF4B-00C04F79EFBC}") = "PaymentEntities", "PaymentEntities\PaymentEntities.csproj", "{A4A547B1-3603-4D3A-8DAA-2C60D9E0A42F}"
EndProject
Project("{2150E333-8FDC-42A3-9474-1A3956D46DE8}") = "DriverService", "DriverService", "{DC7F1CBA-D5D8-427A-B86E-7E9FB2764008}"
EndProject
Project("{FAE04EC0-301F-11D3-BF4B-00C04F79EFBC}") = "DriverAPI", "DriverAPI\DriverAPI.csproj", "{033C4122-C57F-44DE-9F71-B451D844FE5B}"
EndProject
Project("{FAE04EC0-301F-11D3-BF4B-00C04F79EFBC}") = "DriverEntities", "DriverEntities\DriverEntities.csproj", "{91F8DD83-8643-4E64-98CC-39A1628A1776}"
EndProject
Project("{2150E333-8FDC-42A3-9474-1A3956D46DE8}") = "Common", "Common", "{BC9BBF3B-C2FC-448B-A7EF-AEF235086D21}"
EndProject
Project("{FAE04EC0-301F-11D3-BF4B-00C04F79EFBC}") = "CommonObjects", "CommonObjects\CommonObjects.csproj", "{B82B653F-CC11-4B1C-995C-946BA66E0D04}"
EndProject
Project("{2150E333-8FDC-42A3-9474-1A3956D46DE8}") = "Gateways", "Gateways", "{61E64BB1-8DF9-4A76-A99D-58783771AA54}"
EndProject
Project("{FAE04EC0-301F-11D3-BF4B-00C04F79EFBC}") = "Web.HttpAggregator", "Web.HttpAggregator\Web.HttpAggregator.csproj", "{85AAA1AF-BBF0-47F1-8D14-539BC1774F2E}"
EndProject
Global
	GlobalSection(SolutionConfigurationPlatforms) = preSolution
		Debug|Any CPU = Debug|Any CPU
		Release|Any CPU = Release|Any CPU
	EndGlobalSection
	GlobalSection(ProjectConfigurationPlatforms) = postSolution
		{CE519359-9D4E-42D8-BFFC-2859C6B022C1}.Debug|Any CPU.ActiveCfg = Debug|Any CPU
		{CE519359-9D4E-42D8-BFFC-2859C6B022C1}.Debug|Any CPU.Build.0 = Debug|Any CPU
		{CE519359-9D4E-42D8-BFFC-2859C6B022C1}.Release|Any CPU.ActiveCfg = Release|Any CPU
		{CE519359-9D4E-42D8-BFFC-2859C6B022C1}.Release|Any CPU.Build.0 = Release|Any CPU
		{E15A3433-EC48-4E53-AF16-885AA081B3A1}.Debug|Any CPU.ActiveCfg = Debug|Any CPU
		{E15A3433-EC48-4E53-AF16-885AA081B3A1}.Debug|Any CPU.Build.0 = Debug|Any CPU
		{E15A3433-EC48-4E53-AF16-885AA081B3A1}.Release|Any CPU.ActiveCfg = Release|Any CPU
		{E15A3433-EC48-4E53-AF16-885AA081B3A1}.Release|Any CPU.Build.0 = Release|Any CPU
		{F1215103-C167-498C-B727-AEA645B6C9A9}.Debug|Any CPU.ActiveCfg = Debug|Any CPU
		{F1215103-C167-498C-B727-AEA645B6C9A9}.Debug|Any CPU.Build.0 = Debug|Any CPU
		{F1215103-C167-498C-B727-AEA645B6C9A9}.Release|Any CPU.ActiveCfg = Release|Any CPU
		{F1215103-C167-498C-B727-AEA645B6C9A9}.Release|Any CPU.Build.0 = Release|Any CPU
		{C151D67B-57E6-4B67-8874-7CC2D1345C89}.Debug|Any CPU.ActiveCfg = Debug|Any CPU
		{C151D67B-57E6-4B67-8874-7CC2D1345C89}.Debug|Any CPU.Build.0 = Debug|Any CPU
		{C151D67B-57E6-4B67-8874-7CC2D1345C89}.Release|Any CPU.ActiveCfg = Release|Any CPU
		{C151D67B-57E6-4B67-8874-7CC2D1345C89}.Release|Any CPU.Build.0 = Release|Any CPU
		{967464F1-2C3F-4DAB-830A-C01A03ED7125}.Debug|Any CPU.ActiveCfg = Debug|Any CPU
		{967464F1-2C3F-4DAB-830A-C01A03ED7125}.Debug|Any CPU.Build.0 = Debug|Any CPU
		{967464F1-2C3F-4DAB-830A-C01A03ED7125}.Release|Any CPU.ActiveCfg = Release|Any CPU
		{967464F1-2C3F-4DAB-830A-C01A03ED7125}.Release|Any CPU.Build.0 = Release|Any CPU
		{A4A547B1-3603-4D3A-8DAA-2C60D9E0A42F}.Debug|Any CPU.ActiveCfg = Debug|Any CPU
		{A4A547B1-3603-4D3A-8DAA-2C60D9E0A42F}.Debug|Any CPU.Build.0 = Debug|Any CPU
		{A4A547B1-3603-4D3A-8DAA-2C60D9E0A42F}.Release|Any CPU.ActiveCfg = Release|Any CPU
		{A4A547B1-3603-4D3A-8DAA-2C60D9E0A42F}.Release|Any CPU.Build.0 = Release|Any CPU
		{033C4122-C57F-44DE-9F71-B451D844FE5B}.Debug|Any CPU.ActiveCfg = Debug|Any CPU
		{033C4122-C57F-44DE-9F71-B451D844FE5B}.Debug|Any CPU.Build.0 = Debug|Any CPU
		{033C4122-C57F-44DE-9F71-B451D844FE5B}.Release|Any CPU.ActiveCfg = Release|Any CPU
		{033C4122-C57F-44DE-9F71-B451D844FE5B}.Release|Any CPU.Build.0 = Release|Any CPU
		{91F8DD83-8643-4E64-98CC-39A1628A1776}.Debug|Any CPU.ActiveCfg = Debug|Any CPU
		{91F8DD83-8643-4E64-98CC-39A1628A1776}.Debug|Any CPU.Build.0 = Debug|Any CPU
		{91F8DD83-8643-4E64-98CC-39A1628A1776}.Release|Any CPU.ActiveCfg = Release|Any CPU
		{91F8DD83-8643-4E64-98CC-39A1628A1776}.Release|Any CPU.Build.0 = Release|Any CPU
		{B82B653F-CC11-4B1C-995C-946BA66E0D04}.Debug|Any CPU.ActiveCfg = Debug|Any CPU
		{B82B653F-CC11-4B1C-995C-946BA66E0D04}.Debug|Any CPU.Build.0 = Debug|Any CPU
		{B82B653F-CC11-4B1C-995C-946BA66E0D04}.Release|Any CPU.ActiveCfg = Release|Any CPU
		{B82B653F-CC11-4B1C-995C-946BA66E0D04}.Release|Any CPU.Build.0 = Release|Any CPU
		{85AAA1AF-BBF0-47F1-8D14-539BC1774F2E}.Debug|Any CPU.ActiveCfg = Debug|Any CPU
		{85AAA1AF-BBF0-47F1-8D14-539BC1774F2E}.Debug|Any CPU.Build.0 = Debug|Any CPU
		{85AAA1AF-BBF0-47F1-8D14-539BC1774F2E}.Release|Any CPU.ActiveCfg = Release|Any CPU
		{85AAA1AF-BBF0-47F1-8D14-539BC1774F2E}.Release|Any CPU.Build.0 = Release|Any CPU
	EndGlobalSection
	GlobalSection(SolutionProperties) = preSolution
		HideSolutionNode = FALSE
	EndGlobalSection
	GlobalSection(NestedProjects) = preSolution
		{CE519359-9D4E-42D8-BFFC-2859C6B022C1} = {09077165-1DE9-4A20-8F16-94AA910A90F4}
		{E15A3433-EC48-4E53-AF16-885AA081B3A1} = {09077165-1DE9-4A20-8F16-94AA910A90F4}
		{F1215103-C167-498C-B727-AEA645B6C9A9} = {8306960F-8810-4E18-AE41-2DDD48031B03}
		{C151D67B-57E6-4B67-8874-7CC2D1345C89} = {8306960F-8810-4E18-AE41-2DDD48031B03}
		{967464F1-2C3F-4DAB-830A-C01A03ED7125} = {45BC5C74-D0A3-407D-8B01-47A4F9F7A7AF}
		{A4A547B1-3603-4D3A-8DAA-2C60D9E0A42F} = {45BC5C74-D0A3-407D-8B01-47A4F9F7A7AF}
		{033C4122-C57F-44DE-9F71-B451D844FE5B} = {DC7F1CBA-D5D8-427A-B86E-7E9FB2764008}
		{91F8DD83-8643-4E64-98CC-39A1628A1776} = {DC7F1CBA-D5D8-427A-B86E-7E9FB2764008}
		{B82B653F-CC11-4B1C-995C-946BA66E0D04} = {BC9BBF3B-C2FC-448B-A7EF-AEF235086D21}
		{85AAA1AF-BBF0-47F1-8D14-539BC1774F2E} = {61E64BB1-8DF9-4A76-A99D-58783771AA54}
	EndGlobalSection
	GlobalSection(ExtensibilityGlobals) = postSolution
		SolutionGuid = {E2808DE6-59E2-4FB6-8B14-9AF2CEEAC495}
	EndGlobalSection
EndGlobal
