
Microsoft Visual Studio Solution File, Format Version 12.00
# Visual Studio Version 16
VisualStudioVersion = 16.0.30804.86
MinimumVisualStudioVersion = 10.0.40219.1
Project("{FAE04EC0-301F-11D3-BF4B-00C04F79EFBC}") = "WebApiAssigmnment", "WebApiAssigmnment\WebApiAssigmnment.csproj", "{7FBEAF05-6AA6-4FBA-9E7E-E4EE22D31BA0}"
EndProject
Project("{FAE04EC0-301F-11D3-BF4B-00C04F79EFBC}") = "HotelManagementDBA", "HotelManagementDBA\HotelManagementDBA.csproj", "{006653B4-07DD-472E-9333-B916492D299C}"
EndProject
Project("{FAE04EC0-301F-11D3-BF4B-00C04F79EFBC}") = "HotelManagementInterface", "HotelManagementInterface\HotelManagementInterface.csproj", "{C20DB78B-4764-440E-9C44-7B697166158A}"
EndProject
Project("{FAE04EC0-301F-11D3-BF4B-00C04F79EFBC}") = "HotelManagementModels", "HotelManagementModels\HotelManagementModels.csproj", "{DAD823CC-4006-4BB8-9D04-0FA4A7C3F5F8}"
EndProject
Global
	GlobalSection(SolutionConfigurationPlatforms) = preSolution
		Debug|Any CPU = Debug|Any CPU
		Release|Any CPU = Release|Any CPU
	EndGlobalSection
	GlobalSection(ProjectConfigurationPlatforms) = postSolution
		{7FBEAF05-6AA6-4FBA-9E7E-E4EE22D31BA0}.Debug|Any CPU.ActiveCfg = Debug|Any CPU
		{7FBEAF05-6AA6-4FBA-9E7E-E4EE22D31BA0}.Debug|Any CPU.Build.0 = Debug|Any CPU
		{7FBEAF05-6AA6-4FBA-9E7E-E4EE22D31BA0}.Release|Any CPU.ActiveCfg = Release|Any CPU
		{7FBEAF05-6AA6-4FBA-9E7E-E4EE22D31BA0}.Release|Any CPU.Build.0 = Release|Any CPU
		{006653B4-07DD-472E-9333-B916492D299C}.Debug|Any CPU.ActiveCfg = Debug|Any CPU
		{006653B4-07DD-472E-9333-B916492D299C}.Debug|Any CPU.Build.0 = Debug|Any CPU
		{006653B4-07DD-472E-9333-B916492D299C}.Release|Any CPU.ActiveCfg = Release|Any CPU
		{006653B4-07DD-472E-9333-B916492D299C}.Release|Any CPU.Build.0 = Release|Any CPU
		{C20DB78B-4764-440E-9C44-7B697166158A}.Debug|Any CPU.ActiveCfg = Debug|Any CPU
		{C20DB78B-4764-440E-9C44-7B697166158A}.Debug|Any CPU.Build.0 = Debug|Any CPU
		{C20DB78B-4764-440E-9C44-7B697166158A}.Release|Any CPU.ActiveCfg = Release|Any CPU
		{C20DB78B-4764-440E-9C44-7B697166158A}.Release|Any CPU.Build.0 = Release|Any CPU
		{DAD823CC-4006-4BB8-9D04-0FA4A7C3F5F8}.Debug|Any CPU.ActiveCfg = Debug|Any CPU
		{DAD823CC-4006-4BB8-9D04-0FA4A7C3F5F8}.Debug|Any CPU.Build.0 = Debug|Any CPU
		{DAD823CC-4006-4BB8-9D04-0FA4A7C3F5F8}.Release|Any CPU.ActiveCfg = Release|Any CPU
		{DAD823CC-4006-4BB8-9D04-0FA4A7C3F5F8}.Release|Any CPU.Build.0 = Release|Any CPU
	EndGlobalSection
	GlobalSection(SolutionProperties) = preSolution
		HideSolutionNode = FALSE
	EndGlobalSection
	GlobalSection(ExtensibilityGlobals) = postSolution
		SolutionGuid = {F107F135-AA01-4FB4-8BFF-66969C2496B2}
	EndGlobalSection
EndGlobal
